
Microsoft Visual Studio Solution File, Format Version 12.00
# Visual Studio Version 16
VisualStudioVersion = 16.0.29709.97
MinimumVisualStudioVersion = 10.0.40219.1
Project("{8BC9CEB8-8B4A-11D0-8D11-00A0C91BC942}") = "dotcross", "dotcross.vcxproj", "{EF77D7C2-1DCC-493F-B052-3D1FD9BFCEC6}"
EndProject
Global
	GlobalSection(SolutionConfigurationPlatforms) = preSolution
		Debug|x64 = Debug|x64
		Debug|x86 = Debug|x86
		Release|x64 = Release|x64
		Release|x86 = Release|x86
	EndGlobalSection
	GlobalSection(ProjectConfigurationPlatforms) = postSolution
		{EF77D7C2-1DCC-493F-B052-3D1FD9BFCEC6}.Debug|x64.ActiveCfg = Debug|x64
		{EF77D7C2-1DCC-493F-B052-3D1FD9BFCEC6}.Debug|x64.Build.0 = Debug|x64
		{EF77D7C2-1DCC-493F-B052-3D1FD9BFCEC6}.Debug|x86.ActiveCfg = Debug|Win32
		{EF77D7C2-1DCC-493F-B052-3D1FD9BFCEC6}.Debug|x86.Build.0 = Debug|Win32
		{EF77D7C2-1DCC-493F-B052-3D1FD9BFCEC6}.Release|x64.ActiveCfg = Release|x64
		{EF77D7C2-1DCC-493F-B052-3D1FD9BFCEC6}.Release|x64.Build.0 = Release|x64
		{EF77D7C2-1DCC-493F-B052-3D1FD9BFCEC6}.Release|x86.ActiveCfg = Release|Win32
		{EF77D7C2-1DCC-493F-B052-3D1FD9BFCEC6}.Release|x86.Build.0 = Release|Win32
	EndGlobalSection
	GlobalSection(SolutionProperties) = preSolution
		HideSolutionNode = FALSE
	EndGlobalSection
	GlobalSection(ExtensibilityGlobals) = postSolution
		SolutionGuid = {CEE1CBCA-D45B-49EF-858C-875BEE3409BE}
	EndGlobalSection
EndGlobal
